
Microsoft Visual Studio Solution File, Format Version 12.00
# Visual Studio Version 17
VisualStudioVersion = 17.7.34221.43
MinimumVisualStudioVersion = 10.0.40219.1
Project("{FAE04EC0-301F-11D3-BF4B-00C04F79EFBC}") = "Workaround", "Workaround\Workaround.csproj", "{68CAC538-C0CF-4A76-ADFF-471D647C803C}"
EndProject
Project("{FAE04EC0-301F-11D3-BF4B-00C04F79EFBC}") = "Entities", "Entities\Entities.csproj", "{126EF338-4EE5-4D71-AE56-EA42DE4F7D03}"
EndProject
Project("{FAE04EC0-301F-11D3-BF4B-00C04F79EFBC}") = "Busines", "Busines\Busines.csproj", "{102571A7-D6D3-48FC-917E-AC31A3F537AB}"
EndProject
Global
	GlobalSection(SolutionConfigurationPlatforms) = preSolution
		Debug|Any CPU = Debug|Any CPU
		Release|Any CPU = Release|Any CPU
	EndGlobalSection
	GlobalSection(ProjectConfigurationPlatforms) = postSolution
		{68CAC538-C0CF-4A76-ADFF-471D647C803C}.Debug|Any CPU.ActiveCfg = Debug|Any CPU
		{68CAC538-C0CF-4A76-ADFF-471D647C803C}.Debug|Any CPU.Build.0 = Debug|Any CPU
		{68CAC538-C0CF-4A76-ADFF-471D647C803C}.Release|Any CPU.ActiveCfg = Release|Any CPU
		{68CAC538-C0CF-4A76-ADFF-471D647C803C}.Release|Any CPU.Build.0 = Release|Any CPU
		{126EF338-4EE5-4D71-AE56-EA42DE4F7D03}.Debug|Any CPU.ActiveCfg = Debug|Any CPU
		{126EF338-4EE5-4D71-AE56-EA42DE4F7D03}.Debug|Any CPU.Build.0 = Debug|Any CPU
		{126EF338-4EE5-4D71-AE56-EA42DE4F7D03}.Release|Any CPU.ActiveCfg = Release|Any CPU
		{126EF338-4EE5-4D71-AE56-EA42DE4F7D03}.Release|Any CPU.Build.0 = Release|Any CPU
		{102571A7-D6D3-48FC-917E-AC31A3F537AB}.Debug|Any CPU.ActiveCfg = Debug|Any CPU
		{102571A7-D6D3-48FC-917E-AC31A3F537AB}.Debug|Any CPU.Build.0 = Debug|Any CPU
		{102571A7-D6D3-48FC-917E-AC31A3F537AB}.Release|Any CPU.ActiveCfg = Release|Any CPU
		{102571A7-D6D3-48FC-917E-AC31A3F537AB}.Release|Any CPU.Build.0 = Release|Any CPU
	EndGlobalSection
	GlobalSection(SolutionProperties) = preSolution
		HideSolutionNode = FALSE
	EndGlobalSection
	GlobalSection(ExtensibilityGlobals) = postSolution
		SolutionGuid = {D1C3C3B2-3D71-4C6B-86EF-FAA2AE56BF3B}
	EndGlobalSection
EndGlobal
